<?xml version="1.0" encoding="utf-8"?>
<Project ToolsVersion="4.0" xmlns="http://schemas.microsoft.com/developer/msbuild/2003">
  <ItemGroup>
    <Filter Include="Source Files">
      <UniqueIdentifier>{4FC737F1-C7A5-4376-A066-2A32D752A2FF}</UniqueIdentifier>
      <Extensions>cpp;c;cc;cxx;def;odl;idl;hpj;bat;asm;asmx</Extensions>
    </Filter>
    <Filter Include="Header Files">
      <UniqueIdentifier>{93995380-89BD-4b04-88EB-625FBE52EBFB}</UniqueIdentifier>
      <Extensions>h;hh;hpp;hxx;hm;inl;inc;xsd</Extensions>
    </Filter>
    <Filter Include="Resource Files">
      <UniqueIdentifier>{D9D6E242-F8AF-46E4-B9FD-80ECBC20BA3E}</UniqueIdentifier>
      <Extensions>qrc;*</Extensions>
      <ParseFiles>false</ParseFiles>
    </Filter>
    <Filter Include="Resource Files">
      <UniqueIdentifier>{D9D6E242-F8AF-46E4-B9FD-80ECBC20BA3E}</UniqueIdentifier>
      <Extensions>qrc;*</Extensions>
      <ParseFiles>false</ParseFiles>
    </Filter>
    <Filter Include="Generated Files">
      <UniqueIdentifier>{71ED8ED8-ACB9-4CE9-BBE1-E00B30144E11}</UniqueIdentifier>
      <Extensions>moc;h;cpp</Extensions>
      <SourceControlFiles>False</SourceControlFiles>
    </Filter>
    <Filter Include="Form Files">
      <UniqueIdentifier>{99349809-55BA-4b9d-BF79-8FDBB0286EB3}</UniqueIdentifier>
      <Extensions>ui</Extensions>
      <ParseFiles>true</ParseFiles>
    </Filter>
  </ItemGroup>
  <ItemGroup>
    <ClInclude Include="ui_global.h">
      <Filter>Resource Files</Filter>
    </ClInclude>
    <ClInclude Include="Events\SynthEmilionEvent.h">
      <Filter>Header Files</Filter>
    </ClInclude>
    <ClInclude Include="Events\ComponentFocusEvent.h">
      <Filter>Header Files</Filter>
    </ClInclude>
    <ClInclude Include="Components\SpecializedComponentsList.h">
      <Filter>Header Files</Filter>
    </ClInclude>
  </ItemGroup>
  <ItemGroup>
    <QtMoc Include="Global\SynthEmilionWidget.h">
      <Filter>Header Files</Filter>
    </QtMoc>
    <QtMoc Include="Components\SynthEmilionComponent.h">
      <Filter>Header Files</Filter>
    </QtMoc>
    <QtMoc Include="Components\OperatorComponent.h">
      <Filter>Header Files</Filter>
    </QtMoc>
    <QtMoc Include="Global\MainWidget.h">
      <Filter>Header Files</Filter>
    </QtMoc>
    <QtMoc Include="ComponentsPanels\OperatorPanel.h">
      <Filter>Header Files</Filter>
    </QtMoc>
    <QtMoc Include="Components\ComponentsList.h">
      <Filter>Header Files</Filter>
    </QtMoc>
    <QtMoc Include="Components\EnvelopeComponent.h">
      <Filter>Header Files</Filter>
    </QtMoc>
    <QtMoc Include="Components\FilterComponent.h">
      <Filter>Header Files</Filter>
    </QtMoc>
    <QtMoc Include="Components\LfoComponent.h">
      <Filter>Header Files</Filter>
    </QtMoc>
    <QtMoc Include="Components\MainComponent.h">
      <Filter>Header Files</Filter>
    </QtMoc>
    <QtMoc Include="AudioUtils\LevelMeterWidget.h">
      <Filter>Header Files</Filter>
    </QtMoc>
    <QtMoc Include="AudioUtils\CurvePointWidget.h">
      <Filter>Header Files</Filter>
    </QtMoc>
  </ItemGroup>
  <ItemGroup>
    <ClCompile Include="Global\SynthEmilionWidget.cpp">
      <Filter>Source Files</Filter>
    </ClCompile>
    <ClCompile Include="Components\SynthEmilionComponent.cpp">
      <Filter>Source Files</Filter>
    </ClCompile>
    <ClCompile Include="Components\OperatorComponent.cpp">
      <Filter>Source Files</Filter>
    </ClCompile>
    <ClCompile Include="Global\MainWidget.cpp">
      <Filter>Source Files</Filter>
    </ClCompile>
    <ClCompile Include="Events\ComponentFocusEvent.cpp">
      <Filter>Source Files</Filter>
    </ClCompile>
    <ClCompile Include="Events\SynthEmilionEvent.cpp">
      <Filter>Source Files</Filter>
    </ClCompile>
    <ClCompile Include="ComponentsPanels\OperatorPanel.cpp">
      <Filter>Source Files</Filter>
    </ClCompile>
    <ClCompile Include="Components\ComponentsList.cpp">
      <Filter>Source Files</Filter>
    </ClCompile>
    <ClCompile Include="Components\SpecializedComponentsList.cpp">
      <Filter>Source Files</Filter>
    </ClCompile>
    <ClCompile Include="Components\EnvelopeComponent.cpp">
      <Filter>Source Files</Filter>
    </ClCompile>
    <ClCompile Include="Components\FilterComponent.cpp">
      <Filter>Source Files</Filter>
    </ClCompile>
    <ClCompile Include="Components\LfoComponent.cpp">
      <Filter>Source Files</Filter>
    </ClCompile>
    <ClCompile Include="Components\MainComponent.cpp">
      <Filter>Source Files</Filter>
    </ClCompile>
    <ClCompile Include="AudioUtils\LevelMeterWidget.cpp">
      <Filter>Source Files</Filter>
    </ClCompile>
    <ClCompile Include="AudioUtils\CurvePointWidget.cpp">
      <Filter>Source Files</Filter>
    </ClCompile>
  </ItemGroup>
  <ItemGroup>
    <QtUic Include="Components\OperatorComponent.ui">
      <Filter>Form Files</Filter>
    </QtUic>
    <QtUic Include="Global\MainWidget.ui">
      <Filter>Form Files</Filter>
    </QtUic>
    <QtUic Include="ComponentsPanels\OperatorPanel.ui">
      <Filter>Form Files</Filter>
    </QtUic>
    <QtUic Include="Components\ComponentsList.ui">
      <Filter>Form Files</Filter>
    </QtUic>
    <QtUic Include="Components\EnvelopeComponent.ui">
      <Filter>Form Files</Filter>
    </QtUic>
    <QtUic Include="Components\FilterComponent.ui">
      <Filter>Form Files</Filter>
    </QtUic>
    <QtUic Include="Components\LfoComponent.ui">
      <Filter>Form Files</Filter>
    </QtUic>
    <QtUic Include="Components\MainComponent.ui">
      <Filter>Form Files</Filter>
    </QtUic>
  </ItemGroup>
</Project>